// !$*UTF8*$!
{
	archiveVersion = 1;
	classes = {
	};
	objectVersion = 50;
	objects = {

/* Begin PBXBuildFile section */
		C474BA0E21718ECB0042C50B /* AppDelegate.swift in Sources */ = {isa = PBXBuildFile; fileRef = C474BA0D21718ECB0042C50B /* AppDelegate.swift */; };
		C474BA1021718ECB0042C50B /* ViewController.swift in Sources */ = {isa = PBXBuildFile; fileRef = C474BA0F21718ECB0042C50B /* ViewController.swift */; };
		C474BA1321718ECB0042C50B /* Main.storyboard in Resources */ = {isa = PBXBuildFile; fileRef = C474BA1121718ECB0042C50B /* Main.storyboard */; };
		C474BA1521718ECC0042C50B /* Assets.xcassets in Resources */ = {isa = PBXBuildFile; fileRef = C474BA1421718ECC0042C50B /* Assets.xcassets */; };
		C474BA1821718ECC0042C50B /* LaunchScreen.storyboard in Resources */ = {isa = PBXBuildFile; fileRef = C474BA1621718ECC0042C50B /* LaunchScreen.storyboard */; };
		C474BA222171AB2E0042C50B /* WelfareViewController.swift in Sources */ = {isa = PBXBuildFile; fileRef = C474BA212171AB2E0042C50B /* WelfareViewController.swift */; };
		C474BA242171D9880042C50B /* CareDogViewController.swift in Sources */ = {isa = PBXBuildFile; fileRef = C474BA232171D9880042C50B /* CareDogViewController.swift */; };
/* End PBXBuildFile section */

/* Begin PBXFileReference section */
		C474BA0A21718ECB0042C50B /* LoveDog.app */ = {isa = PBXFileReference; explicitFileType = wrapper.application; includeInIndex = 0; path = LoveDog.app; sourceTree = BUILT_PRODUCTS_DIR; };
		C474BA0D21718ECB0042C50B /* AppDelegate.swift */ = {isa = PBXFileReference; lastKnownFileType = sourcecode.swift; path = AppDelegate.swift; sourceTree = "<group>"; };
		C474BA0F21718ECB0042C50B /* ViewController.swift */ = {isa = PBXFileReference; lastKnownFileType = sourcecode.swift; path = ViewController.swift; sourceTree = "<group>"; };
		C474BA1221718ECB0042C50B /* Base */ = {isa = PBXFileReference; lastKnownFileType = file.storyboard; name = Base; path = Base.lproj/Main.storyboard; sourceTree = "<group>"; };
		C474BA1421718ECC0042C50B /* Assets.xcassets */ = {isa = PBXFileReference; lastKnownFileType = folder.assetcatalog; path = Assets.xcassets; sourceTree = "<group>"; };
		C474BA1721718ECC0042C50B /* Base */ = {isa = PBXFileReference; lastKnownFileType = file.storyboard; name = Base; path = Base.lproj/LaunchScreen.storyboard; sourceTree = "<group>"; };
		C474BA1921718ECC0042C50B /* Info.plist */ = {isa = PBXFileReference; lastKnownFileType = text.plist.xml; path = Info.plist; sourceTree = "<group>"; };
		C474BA212171AB2E0042C50B /* WelfareViewController.swift */ = {isa = PBXFileReference; lastKnownFileType = sourcecode.swift; path = WelfareViewController.swift; sourceTree = "<group>"; };
		C474BA232171D9880042C50B /* CareDogViewController.swift */ = {isa = PBXFileReference; lastKnownFileType = sourcecode.swift; path = CareDogViewController.swift; sourceTree = "<group>"; };
/* End PBXFileReference section */

/* Begin PBXFrameworksBuildPhase section */
		C474BA0721718ECB0042C50B /* Frameworks */ = {
			isa = PBXFrameworksBuildPhase;
			buildActionMask = 2147483647;
			files = (
			);
			runOnlyForDeploymentPostprocessing = 0;
		};
/* End PBXFrameworksBuildPhase section */

/* Begin PBXGroup section */
		C474BA0121718ECB0042C50B = {
			isa = PBXGroup;
			children = (
				C474BA0C21718ECB0042C50B /* LoveDog */,
				C474BA0B21718ECB0042C50B /* Products */,
			);
			sourceTree = "<group>";
		};
		C474BA0B21718ECB0042C50B /* Products */ = {
			isa = PBXGroup;
			children = (
				C474BA0A21718ECB0042C50B /* LoveDog.app */,
			);
			name = Products;
			sourceTree = "<group>";
		};
		C474BA0C21718ECB0042C50B /* LoveDog */ = {
			isa = PBXGroup;
			children = (
				C474BA0D21718ECB0042C50B /* AppDelegate.swift */,
				C474BA0F21718ECB0042C50B /* ViewController.swift */,
				C474BA1121718ECB0042C50B /* Main.storyboard */,
				C474BA232171D9880042C50B /* CareDogViewController.swift */,
				C474BA212171AB2E0042C50B /* WelfareViewController.swift */,
				C474BA1421718ECC0042C50B /* Assets.xcassets */,
				C474BA1621718ECC0042C50B /* LaunchScreen.storyboard */,
				C474BA1921718ECC0042C50B /* Info.plist */,
			);
			path = LoveDog;
			sourceTree = "<group>";
		};
/* End PBXGroup section */

/* Begin PBXNativeTarget section */
		C474BA0921718ECB0042C50B /* LoveDog */ = {
			isa = PBXNativeTarget;
			buildConfigurationList = C474BA1C21718ECC0042C50B /* Build configuration list for PBXNativeTarget "LoveDog" */;
			buildPhases = (
				C474BA0621718ECB0042C50B /* Sources */,
				C474BA0721718ECB0042C50B /* Frameworks */,
				C474BA0821718ECB0042C50B /* Resources */,
			);
			buildRules = (
			);
			dependencies = (
			);
			name = LoveDog;
			productName = LoveDog;
			productReference = C474BA0A21718ECB0042C50B /* LoveDog.app */;
			productType = "com.apple.product-type.application";
		};
/* End PBXNativeTarget section */

/* Begin PBXProject section */
		C474BA0221718ECB0042C50B /* Project object */ = {
			isa = PBXProject;
			attributes = {
				LastSwiftUpdateCheck = 1000;
				LastUpgradeCheck = 1000;
				ORGANIZATIONNAME = MasterUNG;
				TargetAttributes = {
					C474BA0921718ECB0042C50B = {
						CreatedOnToolsVersion = 10.0;
					};
				};
			};
			buildConfigurationList = C474BA0521718ECB0042C50B /* Build configuration list for PBXProject "LoveDog" */;
			compatibilityVersion = "Xcode 9.3";
			developmentRegion = en;
			hasScannedForEncodings = 0;
			knownRegions = (
				en,
				Base,
			);
			mainGroup = C474BA0121718ECB0042C50B;
			productRefGroup = C474BA0B21718ECB0042C50B /* Products */;
			projectDirPath = "";
			projectRoot = "";
			targets = (
				C474BA0921718ECB0042C50B /* LoveDog */,
			);
		};
/* End PBXProject section */

/* Begin PBXResourcesBuildPhase section */
		C474BA0821718ECB0042C50B /* Resources */ = {
			isa = PBXResourcesBuildPhase;
			buildActionMask = 2147483647;
			files = (
				C474BA1821718ECC0042C50B /* LaunchScreen.storyboard in Resources */,
				C474BA1521718ECC0042C50B /* Assets.xcassets in Resources */,
				C474BA1321718ECB0042C50B /* Main.storyboard in Resources */,
			);
			runOnlyForDeploymentPostprocessing = 0;
		};
/* End PBXResourcesBuildPhase section */

/* Begin PBXSourcesBuildPhase section */
		C474BA0621718ECB0042C50B /* Sources */ = {
			isa = PBXSourcesBuildPhase;
			buildActionMask = 2147483647;
			files = (
				C474BA222171AB2E0042C50B /* WelfareViewController.swift in Sources */,
				C474BA1021718ECB0042C50B /* ViewController.swift in Sources */,
				C474BA242171D9880042C50B /* CareDogViewController.swift in Sources */,
				C474BA0E21718ECB0042C50B /* AppDelegate.swift in Sources */,
			);
			runOnlyForDeploymentPostprocessing = 0;
		};
/* End PBXSourcesBuildPhase section */

/* Begin PBXVariantGroup section */
		C474BA1121718ECB0042C50B /* Main.storyboard */ = {
			isa = PBXVariantGroup;
			children = (
				C474BA1221718ECB0042C50B /* Base */,
			);
			name = Main.storyboard;
			sourceTree = "<group>";
		};
		C474BA1621718ECC0042C50B /* LaunchScreen.storyboard */ = {
			isa = PBXVariantGroup;
			children = (
				C474BA1721718ECC0042C50B /* Base */,
			);
			name = LaunchScreen.storyboard;
			sourceTree = "<group>";
		};
/* End PBXVariantGroup section */

/* Begin XCBuildConfiguration section */
		C474BA1A21718ECC0042C50B /* Debug */ = {
			isa = XCBuildConfiguration;
			buildSettings = {
				ALWAYS_SEARCH_USER_PATHS = NO;
				CLANG_ANALYZER_NONNULL = YES;
				CLANG_ANALYZER_NUMBER_OBJECT_CONVERSION = YES_AGGRESSIVE;
				CLANG_CXX_LANGUAGE_STANDARD = "gnu++14";
				CLANG_CXX_LIBRARY = "libc++";
				CLANG_ENABLE_MODULES = YES;
				CLANG_ENABLE_OBJC_ARC = YES;
				CLANG_ENABLE_OBJC_WEAK = YES;
				CLANG_WARN_BLOCK_CAPTURE_AUTORELEASING = YES;
				CLANG_WARN_BOOL_CONVERSION = YES;
				CLANG_WARN_COMMA = YES;
				CLANG_WARN_CONSTANT_CONVERSION = YES;
				CLANG_WARN_DEPRECATED_OBJC_IMPLEMENTATIONS = YES;
				CLANG_WARN_DIRECT_OBJC_ISA_USAGE = YES_ERROR;
				CLANG_WARN_DOCUMENTATION_COMMENTS = YES;
				CLANG_WARN_EMPTY_BODY = YES;
				CLANG_WARN_ENUM_CONVERSION = YES;
				CLANG_WARN_INFINITE_RECURSION = YES;
				CLANG_WARN_INT_CONVERSION = YES;
				CLANG_WARN_NON_LITERAL_NULL_CONVERSION = YES;
				CLANG_WARN_OBJC_IMPLICIT_RETAIN_SELF = YES;
				CLANG_WARN_OBJC_LITERAL_CONVERSION = YES;
				CLANG_WARN_OBJC_ROOT_CLASS = YES_ERROR;
				CLANG_WARN_RANGE_LOOP_ANALYSIS = YES;
				CLANG_WARN_STRICT_PROTOTYPES = YES;
				CLANG_WARN_SUSPICIOUS_MOVE = YES;
				CLANG_WARN_UNGUARDED_AVAILABILITY = YES_AGGRESSIVE;
				CLANG_WARN_UNREACHABLE_CODE = YES;
				CLANG_WARN__DUPLICATE_METHOD_MATCH = YES;
				CODE_SIGN_IDENTITY = "iPhone Developer";
				COPY_PHASE_STRIP = NO;
				DEBUG_INFORMATION_FORMAT = dwarf;
				ENABLE_STRICT_OBJC_MSGSEND = YES;
				ENABLE_TESTABILITY = YES;
				GCC_C_LANGUAGE_STANDARD = gnu11;
				GCC_DYNAMIC_NO_PIC = NO;
				GCC_NO_COMMON_BLOCKS = YES;
				GCC_OPTIMIZATION_LEVEL = 0;
				GCC_PREPROCESSOR_DEFINITIONS = (
					"DEBUG=1",
					"$(inherited)",
				);
				GCC_WARN_64_TO_32_BIT_CONVERSION = YES;
				GCC_WARN_ABOUT_RETURN_TYPE = YES_ERROR;
				GCC_WARN_UNDECLARED_SELECTOR = YES;
				GCC_WARN_UNINITIALIZED_AUTOS = YES_AGGRESSIVE;
				GCC_WARN_UNUSED_FUNCTION = YES;
				GCC_WARN_UNUSED_VARIABLE = YES;
				IPHONEOS_DEPLOYMENT_TARGET = 12.0;
				MTL_ENABLE_DEBUG_INFO = INCLUDE_SOURCE;
				MTL_FAST_MATH = YES;
				ONLY_ACTIVE_ARCH = YES;
				SDKROOT = iphoneos;
				SWIFT_ACTIVE_COMPILATION_CONDITIONS = DEBUG;
				SWIFT_OPTIMIZATION_LEVEL = "-Onone";
			};
			name = Debug;
		};
		C474BA1B21718ECC0042C50B /* Release */ = {
			isa = XCBuildConfiguration;
			buildSettings = {
				ALWAYS_SEARCH_USER_PATHS = NO;
				CLANG_ANALYZER_NONNULL = YES;
				CLANG_ANALYZER_NUMBER_OBJECT_CONVERSION = YES_AGGRESSIVE;
				CLANG_CXX_LANGUAGE_STANDARD = "gnu++14";
				CLANG_CXX_LIBRARY = "libc++";
				CLANG_ENABLE_MODULES = YES;
				CLANG_ENABLE_OBJC_ARC = YES;
				CLANG_ENABLE_OBJC_WEAK = YES;
				CLANG_WARN_BLOCK_CAPTURE_AUTORELEASING = YES;
				CLANG_WARN_BOOL_CONVERSION = YES;
				CLANG_WARN_COMMA = YES;
				CLANG_WARN_CONSTANT_CONVERSION = YES;
				CLANG_WARN_DEPRECATED_OBJC_IMPLEMENTATIONS = YES;
				CLANG_WARN_DIRECT_OBJC_ISA_USAGE = YES_ERROR;
				CLANG_WARN_DOCUMENTATION_COMMENTS = YES;
				CLANG_WARN_EMPTY_BODY = YES;
				CLANG_WARN_ENUM_CONVERSION = YES;
				CLANG_WARN_INFINITE_RECURSION = YES;
				CLANG_WARN_INT_CONVERSION = YES;
				CLANG_WARN_NON_LITERAL_NULL_CONVERSION = YES;
				CLANG_WARN_OBJC_IMPLICIT_RETAIN_SELF = YES;
				CLANG_WARN_OBJC_LITERAL_CONVERSION = YES;
				CLANG_WARN_OBJC_ROOT_CLASS = YES_ERROR;
				CLANG_WARN_RANGE_LOOP_ANALYSIS = YES;
				CLANG_WARN_STRICT_PROTOTYPES = YES;
				CLANG_WARN_SUSPICIOUS_MOVE = YES;
				CLANG_WARN_UNGUARDED_AVAILABILITY = YES_AGGRESSIVE;
				CLANG_WARN_UNREACHABLE_CODE = YES;
				CLANG_WARN__DUPLICATE_METHOD_MATCH = YES;
				CODE_SIGN_IDENTITY = "iPhone Developer";
				COPY_PHASE_STRIP = NO;
				DEBUG_INFORMATION_FORMAT = "dwarf-with-dsym";
				ENABLE_NS_ASSERTIONS = NO;
				ENABLE_STRICT_OBJC_MSGSEND = YES;
				GCC_C_LANGUAGE_STANDARD = gnu11;
				GCC_NO_COMMON_BLOCKS = YES;
				GCC_WARN_64_TO_32_BIT_CONVERSION = YES;
				GCC_WARN_ABOUT_RETURN_TYPE = YES_ERROR;
				GCC_WARN_UNDECLARED_SELECTOR = YES;
				GCC_WARN_UNINITIALIZED_AUTOS = YES_AGGRESSIVE;
				GCC_WARN_UNUSED_FUNCTION = YES;
				GCC_WARN_UNUSED_VARIABLE = YES;
				IPHONEOS_DEPLOYMENT_TARGET = 12.0;
				MTL_ENABLE_DEBUG_INFO = NO;
				MTL_FAST_MATH = YES;
				SDKROOT = iphoneos;
				SWIFT_COMPILATION_MODE = wholemodule;
				SWIFT_OPTIMIZATION_LEVEL = "-O";
				VALIDATE_PRODUCT = YES;
			};
			name = Release;
		};
		C474BA1D21718ECC0042C50B /* Debug */ = {
			isa = XCBuildConfiguration;
			buildSettings = {
				ASSETCATALOG_COMPILER_APPICON_NAME = AppIcon;
				CODE_SIGN_STYLE = Automatic;
				INFOPLIST_FILE = LoveDog/Info.plist;
				LD_RUNPATH_SEARCH_PATHS = (
					"$(inherited)",
					"@executable_path/Frameworks",
				);
				PRODUCT_BUNDLE_IDENTIFIER = androidthai.in.th.LoveDog;
				PRODUCT_NAME = "$(TARGET_NAME)";
				SWIFT_VERSION = 4.2;
				TARGETED_DEVICE_FAMILY = "1,2";
			};
			name = Debug;
		};
		C474BA1E21718ECC0042C50B /* Release */ = {
			isa = XCBuildConfiguration;
			buildSettings = {
				ASSETCATALOG_COMPILER_APPICON_NAME = AppIcon;
				CODE_SIGN_STYLE = Automatic;
				INFOPLIST_FILE = LoveDog/Info.plist;
				LD_RUNPATH_SEARCH_PATHS = (
					"$(inherited)",
					"@executable_path/Frameworks",
				);
				PRODUCT_BUNDLE_IDENTIFIER = androidthai.in.th.LoveDog;
				PRODUCT_NAME = "$(TARGET_NAME)";
				SWIFT_VERSION = 4.2;
				TARGETED_DEVICE_FAMILY = "1,2";
			};
			name = Release;
		};
/* End XCBuildConfiguration section */

/* Begin XCConfigurationList section */
		C474BA0521718ECB0042C50B /* Build configuration list for PBXProject "LoveDog" */ = {
			isa = XCConfigurationList;
			buildConfigurations = (
				C474BA1A21718ECC0042C50B /* Debug */,
				C474BA1B21718ECC0042C50B /* Release */,
			);
			defaultConfigurationIsVisible = 0;
			defaultConfigurationName = Release;
		};
		C474BA1C21718ECC0042C50B /* Build configuration list for PBXNativeTarget "LoveDog" */ = {
			isa = XCConfigurationList;
			buildConfigurations = (
				C474BA1D21718ECC0042C50B /* Debug */,
				C474BA1E21718ECC0042C50B /* Release */,
			);
			defaultConfigurationIsVisible = 0;
			defaultConfigurationName = Release;
		};
/* End XCConfigurationList section */
	};
	rootObject = C474BA0221718ECB0042C50B /* Project object */;
}
